// !$*UTF8*$!
{
	archiveVersion = 1;
	classes = {
	};
	objectVersion = 50;
	objects = {

/* Begin PBXBuildFile section */
		84503F93260320AA00E3851C /* Input.swift in Sources */ = {isa = PBXBuildFile; fileRef = 84503F92260320AA00E3851C /* Input.swift */; };
		84503FCC26036FD400E3851C /* Milestone1Tests.swift in Sources */ = {isa = PBXBuildFile; fileRef = 84503FB926036F3D00E3851C /* Milestone1Tests.swift */; };
		84CA95EB25FF5C26009CFFA5 /* Assignment1App.swift in Sources */ = {isa = PBXBuildFile; fileRef = 84CA95EA25FF5C26009CFFA5 /* Assignment1App.swift */; };
		84CA95ED25FF5C26009CFFA5 /* ContentView.swift in Sources */ = {isa = PBXBuildFile; fileRef = 84CA95EC25FF5C26009CFFA5 /* ContentView.swift */; };
		84CA95EF25FF5C29009CFFA5 /* Assets.xcassets in Resources */ = {isa = PBXBuildFile; fileRef = 84CA95EE25FF5C29009CFFA5 /* Assets.xcassets */; };
		84CA95F225FF5C29009CFFA5 /* Preview Assets.xcassets in Resources */ = {isa = PBXBuildFile; fileRef = 84CA95F125FF5C29009CFFA5 /* Preview Assets.xcassets */; };
		84CA95FD25FF5C29009CFFA5 /* Assignment1Tests.swift in Sources */ = {isa = PBXBuildFile; fileRef = 84CA95FC25FF5C29009CFFA5 /* Assignment1Tests.swift */; };
		84CA960825FF5C29009CFFA5 /* Assignment1UITests.swift in Sources */ = {isa = PBXBuildFile; fileRef = 84CA960725FF5C29009CFFA5 /* Assignment1UITests.swift */; };
		84CD206726076364007602BB /* README.md in Resources */ = {isa = PBXBuildFile; fileRef = 84CD206626076364007602BB /* README.md */; };
		84FC67AA2600540D000A676C /* FoodModel.swift in Sources */ = {isa = PBXBuildFile; fileRef = 84FC679E26004EA3000A676C /* FoodModel.swift */; };
		84FC67B526005434000A676C /* InfoTest.swift in Sources */ = {isa = PBXBuildFile; fileRef = 84FC67B426005434000A676C /* InfoTest.swift */; };
		84FC67E726024B18000A676C /* FoodViewModel.swift in Sources */ = {isa = PBXBuildFile; fileRef = 84FC67E626024B18000A676C /* FoodViewModel.swift */; };
/* End PBXBuildFile section */

/* Begin PBXContainerItemProxy section */
		84CA95F925FF5C29009CFFA5 /* PBXContainerItemProxy */ = {
			isa = PBXContainerItemProxy;
			containerPortal = 84CA95DF25FF5C26009CFFA5 /* Project object */;
			proxyType = 1;
			remoteGlobalIDString = 84CA95E625FF5C26009CFFA5;
			remoteInfo = Assignment1;
		};
		84CA960425FF5C29009CFFA5 /* PBXContainerItemProxy */ = {
			isa = PBXContainerItemProxy;
			containerPortal = 84CA95DF25FF5C26009CFFA5 /* Project object */;
			proxyType = 1;
			remoteGlobalIDString = 84CA95E625FF5C26009CFFA5;
			remoteInfo = Assignment1;
		};
/* End PBXContainerItemProxy section */

/* Begin PBXFileReference section */
		84503F92260320AA00E3851C /* Input.swift */ = {isa = PBXFileReference; lastKnownFileType = sourcecode.swift; path = Input.swift; sourceTree = "<group>"; };
		84503FB926036F3D00E3851C /* Milestone1Tests.swift */ = {isa = PBXFileReference; lastKnownFileType = sourcecode.swift; path = Milestone1Tests.swift; sourceTree = "<group>"; };
		84CA95E725FF5C26009CFFA5 /* Assignment1.app */ = {isa = PBXFileReference; explicitFileType = wrapper.application; includeInIndex = 0; path = Assignment1.app; sourceTree = BUILT_PRODUCTS_DIR; };
		84CA95EA25FF5C26009CFFA5 /* Assignment1App.swift */ = {isa = PBXFileReference; lastKnownFileType = sourcecode.swift; path = Assignment1App.swift; sourceTree = "<group>"; };
		84CA95EC25FF5C26009CFFA5 /* ContentView.swift */ = {isa = PBXFileReference; lastKnownFileType = sourcecode.swift; path = ContentView.swift; sourceTree = "<group>"; };
		84CA95EE25FF5C29009CFFA5 /* Assets.xcassets */ = {isa = PBXFileReference; lastKnownFileType = folder.assetcatalog; path = Assets.xcassets; sourceTree = "<group>"; };
		84CA95F125FF5C29009CFFA5 /* Preview Assets.xcassets */ = {isa = PBXFileReference; lastKnownFileType = folder.assetcatalog; path = "Preview Assets.xcassets"; sourceTree = "<group>"; };
		84CA95F325FF5C29009CFFA5 /* Info.plist */ = {isa = PBXFileReference; lastKnownFileType = text.plist.xml; path = Info.plist; sourceTree = "<group>"; };
		84CA95F825FF5C29009CFFA5 /* Assignment1Tests.xctest */ = {isa = PBXFileReference; explicitFileType = wrapper.cfbundle; includeInIndex = 0; path = Assignment1Tests.xctest; sourceTree = BUILT_PRODUCTS_DIR; };
		84CA95FC25FF5C29009CFFA5 /* Assignment1Tests.swift */ = {isa = PBXFileReference; lastKnownFileType = sourcecode.swift; path = Assignment1Tests.swift; sourceTree = "<group>"; };
		84CA95FE25FF5C29009CFFA5 /* Info.plist */ = {isa = PBXFileReference; lastKnownFileType = text.plist.xml; path = Info.plist; sourceTree = "<group>"; };
		84CA960325FF5C29009CFFA5 /* Assignment1UITests.xctest */ = {isa = PBXFileReference; explicitFileType = wrapper.cfbundle; includeInIndex = 0; path = Assignment1UITests.xctest; sourceTree = BUILT_PRODUCTS_DIR; };
		84CA960725FF5C29009CFFA5 /* Assignment1UITests.swift */ = {isa = PBXFileReference; lastKnownFileType = sourcecode.swift; path = Assignment1UITests.swift; sourceTree = "<group>"; };
		84CA960925FF5C29009CFFA5 /* Info.plist */ = {isa = PBXFileReference; lastKnownFileType = text.plist.xml; path = Info.plist; sourceTree = "<group>"; };
		84CD206626076364007602BB /* README.md */ = {isa = PBXFileReference; fileEncoding = 4; lastKnownFileType = net.daringfireball.markdown; path = README.md; sourceTree = "<group>"; };
		84FC679E26004EA3000A676C /* FoodModel.swift */ = {isa = PBXFileReference; lastKnownFileType = sourcecode.swift; path = FoodModel.swift; sourceTree = "<group>"; };
		84FC67B426005434000A676C /* InfoTest.swift */ = {isa = PBXFileReference; lastKnownFileType = sourcecode.swift; path = InfoTest.swift; sourceTree = "<group>"; };
		84FC67E626024B18000A676C /* FoodViewModel.swift */ = {isa = PBXFileReference; lastKnownFileType = sourcecode.swift; path = FoodViewModel.swift; sourceTree = "<group>"; };
/* End PBXFileReference section */

/* Begin PBXFrameworksBuildPhase section */
		84CA95E425FF5C26009CFFA5 /* Frameworks */ = {
			isa = PBXFrameworksBuildPhase;
			buildActionMask = 2147483647;
			files = (
			);
			runOnlyForDeploymentPostprocessing = 0;
		};
		84CA95F525FF5C29009CFFA5 /* Frameworks */ = {
			isa = PBXFrameworksBuildPhase;
			buildActionMask = 2147483647;
			files = (
			);
			runOnlyForDeploymentPostprocessing = 0;
		};
		84CA960025FF5C29009CFFA5 /* Frameworks */ = {
			isa = PBXFrameworksBuildPhase;
			buildActionMask = 2147483647;
			files = (
			);
			runOnlyForDeploymentPostprocessing = 0;
		};
/* End PBXFrameworksBuildPhase section */

/* Begin PBXGroup section */
		84503FB026034BB700E3851C /* Model */ = {
			isa = PBXGroup;
			children = (
				84FC679E26004EA3000A676C /* FoodModel.swift */,
			);
			path = Model;
			sourceTree = "<group>";
		};
		84503FB426034BF700E3851C /* View */ = {
			isa = PBXGroup;
			children = (
				84CA95EC25FF5C26009CFFA5 /* ContentView.swift */,
			);
			path = View;
			sourceTree = "<group>";
		};
		84503FB526034C1600E3851C /* ViewModel */ = {
			isa = PBXGroup;
			children = (
				84CA95EA25FF5C26009CFFA5 /* Assignment1App.swift */,
				84FC67E626024B18000A676C /* FoodViewModel.swift */,
			);
			path = ViewModel;
			sourceTree = "<group>";
		};
		84CA95DE25FF5C26009CFFA5 = {
			isa = PBXGroup;
			children = (
				84CA95E925FF5C26009CFFA5 /* Assignment1 */,
				84CA95FB25FF5C29009CFFA5 /* Assignment1Tests */,
				84CA960625FF5C29009CFFA5 /* Assignment1UITests */,
				84CA95E825FF5C26009CFFA5 /* Products */,
			);
			sourceTree = "<group>";
		};
		84CA95E825FF5C26009CFFA5 /* Products */ = {
			isa = PBXGroup;
			children = (
				84CA95E725FF5C26009CFFA5 /* Assignment1.app */,
				84CA95F825FF5C29009CFFA5 /* Assignment1Tests.xctest */,
				84CA960325FF5C29009CFFA5 /* Assignment1UITests.xctest */,
			);
			name = Products;
			sourceTree = "<group>";
		};
		84CA95E925FF5C26009CFFA5 /* Assignment1 */ = {
			isa = PBXGroup;
			children = (
				84CD206626076364007602BB /* README.md */,
				84503FB526034C1600E3851C /* ViewModel */,
				84503FB426034BF700E3851C /* View */,
				84503FB026034BB700E3851C /* Model */,
				84CA95EE25FF5C29009CFFA5 /* Assets.xcassets */,
				84CA95F325FF5C29009CFFA5 /* Info.plist */,
				84CA95F025FF5C29009CFFA5 /* Preview Content */,
				84503F92260320AA00E3851C /* Input.swift */,
			);
			path = Assignment1;
			sourceTree = "<group>";
		};
		84CA95F025FF5C29009CFFA5 /* Preview Content */ = {
			isa = PBXGroup;
			children = (
				84CA95F125FF5C29009CFFA5 /* Preview Assets.xcassets */,
			);
			path = "Preview Content";
			sourceTree = "<group>";
		};
		84CA95FB25FF5C29009CFFA5 /* Assignment1Tests */ = {
			isa = PBXGroup;
			children = (
				84503FB926036F3D00E3851C /* Milestone1Tests.swift */,
				84CA95FC25FF5C29009CFFA5 /* Assignment1Tests.swift */,
				84CA95FE25FF5C29009CFFA5 /* Info.plist */,
			);
			path = Assignment1Tests;
			sourceTree = "<group>";
		};
		84CA960625FF5C29009CFFA5 /* Assignment1UITests */ = {
			isa = PBXGroup;
			children = (
				84CA960725FF5C29009CFFA5 /* Assignment1UITests.swift */,
				84CA960925FF5C29009CFFA5 /* Info.plist */,
				84FC67B426005434000A676C /* InfoTest.swift */,
			);
			path = Assignment1UITests;
			sourceTree = "<group>";
		};
/* End PBXGroup section */

/* Begin PBXNativeTarget section */
		84CA95E625FF5C26009CFFA5 /* Assignment1 */ = {
			isa = PBXNativeTarget;
			buildConfigurationList = 84CA960C25FF5C29009CFFA5 /* Build configuration list for PBXNativeTarget "Assignment1" */;
			buildPhases = (
				84CA95E325FF5C26009CFFA5 /* Sources */,
				84CA95E425FF5C26009CFFA5 /* Frameworks */,
				84CA95E525FF5C26009CFFA5 /* Resources */,
			);
			buildRules = (
			);
			dependencies = (
			);
			name = Assignment1;
			productName = Assignment1;
			productReference = 84CA95E725FF5C26009CFFA5 /* Assignment1.app */;
			productType = "com.apple.product-type.application";
		};
		84CA95F725FF5C29009CFFA5 /* Assignment1Tests */ = {
			isa = PBXNativeTarget;
			buildConfigurationList = 84CA960F25FF5C29009CFFA5 /* Build configuration list for PBXNativeTarget "Assignment1Tests" */;
			buildPhases = (
				84CA95F425FF5C29009CFFA5 /* Sources */,
				84CA95F525FF5C29009CFFA5 /* Frameworks */,
				84CA95F625FF5C29009CFFA5 /* Resources */,
			);
			buildRules = (
			);
			dependencies = (
				84CA95FA25FF5C29009CFFA5 /* PBXTargetDependency */,
			);
			name = Assignment1Tests;
			productName = Assignment1Tests;
			productReference = 84CA95F825FF5C29009CFFA5 /* Assignment1Tests.xctest */;
			productType = "com.apple.product-type.bundle.unit-test";
		};
		84CA960225FF5C29009CFFA5 /* Assignment1UITests */ = {
			isa = PBXNativeTarget;
			buildConfigurationList = 84CA961225FF5C29009CFFA5 /* Build configuration list for PBXNativeTarget "Assignment1UITests" */;
			buildPhases = (
				84CA95FF25FF5C29009CFFA5 /* Sources */,
				84CA960025FF5C29009CFFA5 /* Frameworks */,
				84CA960125FF5C29009CFFA5 /* Resources */,
			);
			buildRules = (
			);
			dependencies = (
				84CA960525FF5C29009CFFA5 /* PBXTargetDependency */,
			);
			name = Assignment1UITests;
			productName = Assignment1UITests;
			productReference = 84CA960325FF5C29009CFFA5 /* Assignment1UITests.xctest */;
			productType = "com.apple.product-type.bundle.ui-testing";
		};
/* End PBXNativeTarget section */

/* Begin PBXProject section */
		84CA95DF25FF5C26009CFFA5 /* Project object */ = {
			isa = PBXProject;
			attributes = {
				LastSwiftUpdateCheck = 1210;
				LastUpgradeCheck = 1210;
				TargetAttributes = {
					84CA95E625FF5C26009CFFA5 = {
						CreatedOnToolsVersion = 12.1;
					};
					84CA95F725FF5C29009CFFA5 = {
						CreatedOnToolsVersion = 12.1;
						TestTargetID = 84CA95E625FF5C26009CFFA5;
					};
					84CA960225FF5C29009CFFA5 = {
						CreatedOnToolsVersion = 12.1;
						TestTargetID = 84CA95E625FF5C26009CFFA5;
					};
				};
			};
			buildConfigurationList = 84CA95E225FF5C26009CFFA5 /* Build configuration list for PBXProject "Assignment1" */;
			compatibilityVersion = "Xcode 9.3";
			developmentRegion = en;
			hasScannedForEncodings = 0;
			knownRegions = (
				en,
				Base,
			);
			mainGroup = 84CA95DE25FF5C26009CFFA5;
			productRefGroup = 84CA95E825FF5C26009CFFA5 /* Products */;
			projectDirPath = "";
			projectRoot = "";
			targets = (
				84CA95E625FF5C26009CFFA5 /* Assignment1 */,
				84CA95F725FF5C29009CFFA5 /* Assignment1Tests */,
				84CA960225FF5C29009CFFA5 /* Assignment1UITests */,
			);
		};
/* End PBXProject section */

/* Begin PBXResourcesBuildPhase section */
		84CA95E525FF5C26009CFFA5 /* Resources */ = {
			isa = PBXResourcesBuildPhase;
			buildActionMask = 2147483647;
			files = (
				84CD206726076364007602BB /* README.md in Resources */,
				84CA95F225FF5C29009CFFA5 /* Preview Assets.xcassets in Resources */,
				84CA95EF25FF5C29009CFFA5 /* Assets.xcassets in Resources */,
			);
			runOnlyForDeploymentPostprocessing = 0;
		};
		84CA95F625FF5C29009CFFA5 /* Resources */ = {
			isa = PBXResourcesBuildPhase;
			buildActionMask = 2147483647;
			files = (
			);
			runOnlyForDeploymentPostprocessing = 0;
		};
		84CA960125FF5C29009CFFA5 /* Resources */ = {
			isa = PBXResourcesBuildPhase;
			buildActionMask = 2147483647;
			files = (
			);
			runOnlyForDeploymentPostprocessing = 0;
		};
/* End PBXResourcesBuildPhase section */

/* Begin PBXSourcesBuildPhase section */
		84CA95E325FF5C26009CFFA5 /* Sources */ = {
			isa = PBXSourcesBuildPhase;
			buildActionMask = 2147483647;
			files = (
				84503F93260320AA00E3851C /* Input.swift in Sources */,
				84FC67E726024B18000A676C /* FoodViewModel.swift in Sources */,
				84CA95ED25FF5C26009CFFA5 /* ContentView.swift in Sources */,
				84FC67AA2600540D000A676C /* FoodModel.swift in Sources */,
				84CA95EB25FF5C26009CFFA5 /* Assignment1App.swift in Sources */,
			);
			runOnlyForDeploymentPostprocessing = 0;
		};
		84CA95F425FF5C29009CFFA5 /* Sources */ = {
			isa = PBXSourcesBuildPhase;
			buildActionMask = 2147483647;
			files = (
				84503FCC26036FD400E3851C /* Milestone1Tests.swift in Sources */,
				84CA95FD25FF5C29009CFFA5 /* Assignment1Tests.swift in Sources */,
			);
			runOnlyForDeploymentPostprocessing = 0;
		};
		84CA95FF25FF5C29009CFFA5 /* Sources */ = {
			isa = PBXSourcesBuildPhase;
			buildActionMask = 2147483647;
			files = (
				84CA960825FF5C29009CFFA5 /* Assignment1UITests.swift in Sources */,
				84FC67B526005434000A676C /* InfoTest.swift in Sources */,
			);
			runOnlyForDeploymentPostprocessing = 0;
		};
/* End PBXSourcesBuildPhase section */

/* Begin PBXTargetDependency section */
		84CA95FA25FF5C29009CFFA5 /* PBXTargetDependency */ = {
			isa = PBXTargetDependency;
			target = 84CA95E625FF5C26009CFFA5 /* Assignment1 */;
			targetProxy = 84CA95F925FF5C29009CFFA5 /* PBXContainerItemProxy */;
		};
		84CA960525FF5C29009CFFA5 /* PBXTargetDependency */ = {
			isa = PBXTargetDependency;
			target = 84CA95E625FF5C26009CFFA5 /* Assignment1 */;
			targetProxy = 84CA960425FF5C29009CFFA5 /* PBXContainerItemProxy */;
		};
/* End PBXTargetDependency section */

/* Begin XCBuildConfiguration section */
		84CA960A25FF5C29009CFFA5 /* Debug */ = {
			isa = XCBuildConfiguration;
			buildSettings = {
				ALWAYS_SEARCH_USER_PATHS = NO;
				CLANG_ANALYZER_NONNULL = YES;
				CLANG_ANALYZER_NUMBER_OBJECT_CONVERSION = YES_AGGRESSIVE;
				CLANG_CXX_LANGUAGE_STANDARD = "gnu++14";
				CLANG_CXX_LIBRARY = "libc++";
				CLANG_ENABLE_MODULES = YES;
				CLANG_ENABLE_OBJC_ARC = YES;
				CLANG_ENABLE_OBJC_WEAK = YES;
				CLANG_WARN_BLOCK_CAPTURE_AUTORELEASING = YES;
				CLANG_WARN_BOOL_CONVERSION = YES;
				CLANG_WARN_COMMA = YES;
				CLANG_WARN_CONSTANT_CONVERSION = YES;
				CLANG_WARN_DEPRECATED_OBJC_IMPLEMENTATIONS = YES;
				CLANG_WARN_DIRECT_OBJC_ISA_USAGE = YES_ERROR;
				CLANG_WARN_DOCUMENTATION_COMMENTS = YES;
				CLANG_WARN_EMPTY_BODY = YES;
				CLANG_WARN_ENUM_CONVERSION = YES;
				CLANG_WARN_INFINITE_RECURSION = YES;
				CLANG_WARN_INT_CONVERSION = YES;
				CLANG_WARN_NON_LITERAL_NULL_CONVERSION = YES;
				CLANG_WARN_OBJC_IMPLICIT_RETAIN_SELF = YES;
				CLANG_WARN_OBJC_LITERAL_CONVERSION = YES;
				CLANG_WARN_OBJC_ROOT_CLASS = YES_ERROR;
				CLANG_WARN_QUOTED_INCLUDE_IN_FRAMEWORK_HEADER = YES;
				CLANG_WARN_RANGE_LOOP_ANALYSIS = YES;
				CLANG_WARN_STRICT_PROTOTYPES = YES;
				CLANG_WARN_SUSPICIOUS_MOVE = YES;
				CLANG_WARN_UNGUARDED_AVAILABILITY = YES_AGGRESSIVE;
				CLANG_WARN_UNREACHABLE_CODE = YES;
				CLANG_WARN__DUPLICATE_METHOD_MATCH = YES;
				COPY_PHASE_STRIP = NO;
				DEBUG_INFORMATION_FORMAT = dwarf;
				ENABLE_STRICT_OBJC_MSGSEND = YES;
				ENABLE_TESTABILITY = YES;
				GCC_C_LANGUAGE_STANDARD = gnu11;
				GCC_DYNAMIC_NO_PIC = NO;
				GCC_NO_COMMON_BLOCKS = YES;
				GCC_OPTIMIZATION_LEVEL = 0;
				GCC_PREPROCESSOR_DEFINITIONS = (
					"DEBUG=1",
					"$(inherited)",
				);
				GCC_WARN_64_TO_32_BIT_CONVERSION = YES;
				GCC_WARN_ABOUT_RETURN_TYPE = YES_ERROR;
				GCC_WARN_UNDECLARED_SELECTOR = YES;
				GCC_WARN_UNINITIALIZED_AUTOS = YES_AGGRESSIVE;
				GCC_WARN_UNUSED_FUNCTION = YES;
				GCC_WARN_UNUSED_VARIABLE = YES;
				IPHONEOS_DEPLOYMENT_TARGET = 14.1;
				MTL_ENABLE_DEBUG_INFO = INCLUDE_SOURCE;
				MTL_FAST_MATH = YES;
				ONLY_ACTIVE_ARCH = YES;
				SDKROOT = iphoneos;
				SWIFT_ACTIVE_COMPILATION_CONDITIONS = DEBUG;
				SWIFT_OPTIMIZATION_LEVEL = "-Onone";
			};
			name = Debug;
		};
		84CA960B25FF5C29009CFFA5 /* Release */ = {
			isa = XCBuildConfiguration;
			buildSettings = {
				ALWAYS_SEARCH_USER_PATHS = NO;
				CLANG_ANALYZER_NONNULL = YES;
				CLANG_ANALYZER_NUMBER_OBJECT_CONVERSION = YES_AGGRESSIVE;
				CLANG_CXX_LANGUAGE_STANDARD = "gnu++14";
				CLANG_CXX_LIBRARY = "libc++";
				CLANG_ENABLE_MODULES = YES;
				CLANG_ENABLE_OBJC_ARC = YES;
				CLANG_ENABLE_OBJC_WEAK = YES;
				CLANG_WARN_BLOCK_CAPTURE_AUTORELEASING = YES;
				CLANG_WARN_BOOL_CONVERSION = YES;
				CLANG_WARN_COMMA = YES;
				CLANG_WARN_CONSTANT_CONVERSION = YES;
				CLANG_WARN_DEPRECATED_OBJC_IMPLEMENTATIONS = YES;
				CLANG_WARN_DIRECT_OBJC_ISA_USAGE = YES_ERROR;
				CLANG_WARN_DOCUMENTATION_COMMENTS = YES;
				CLANG_WARN_EMPTY_BODY = YES;
				CLANG_WARN_ENUM_CONVERSION = YES;
				CLANG_WARN_INFINITE_RECURSION = YES;
				CLANG_WARN_INT_CONVERSION = YES;
				CLANG_WARN_NON_LITERAL_NULL_CONVERSION = YES;
				CLANG_WARN_OBJC_IMPLICIT_RETAIN_SELF = YES;
				CLANG_WARN_OBJC_LITERAL_CONVERSION = YES;
				CLANG_WARN_OBJC_ROOT_CLASS = YES_ERROR;
				CLANG_WARN_QUOTED_INCLUDE_IN_FRAMEWORK_HEADER = YES;
				CLANG_WARN_RANGE_LOOP_ANALYSIS = YES;
				CLANG_WARN_STRICT_PROTOTYPES = YES;
				CLANG_WARN_SUSPICIOUS_MOVE = YES;
				CLANG_WARN_UNGUARDED_AVAILABILITY = YES_AGGRESSIVE;
				CLANG_WARN_UNREACHABLE_CODE = YES;
				CLANG_WARN__DUPLICATE_METHOD_MATCH = YES;
				COPY_PHASE_STRIP = NO;
				DEBUG_INFORMATION_FORMAT = "dwarf-with-dsym";
				ENABLE_NS_ASSERTIONS = NO;
				ENABLE_STRICT_OBJC_MSGSEND = YES;
				GCC_C_LANGUAGE_STANDARD = gnu11;
				GCC_NO_COMMON_BLOCKS = YES;
				GCC_WARN_64_TO_32_BIT_CONVERSION = YES;
				GCC_WARN_ABOUT_RETURN_TYPE = YES_ERROR;
				GCC_WARN_UNDECLARED_SELECTOR = YES;
				GCC_WARN_UNINITIALIZED_AUTOS = YES_AGGRESSIVE;
				GCC_WARN_UNUSED_FUNCTION = YES;
				GCC_WARN_UNUSED_VARIABLE = YES;
				IPHONEOS_DEPLOYMENT_TARGET = 14.1;
				MTL_ENABLE_DEBUG_INFO = NO;
				MTL_FAST_MATH = YES;
				SDKROOT = iphoneos;
				SWIFT_COMPILATION_MODE = wholemodule;
				SWIFT_OPTIMIZATION_LEVEL = "-O";
				VALIDATE_PRODUCT = YES;
			};
			name = Release;
		};
		84CA960D25FF5C29009CFFA5 /* Debug */ = {
			isa = XCBuildConfiguration;
			buildSettings = {
				ASSETCATALOG_COMPILER_APPICON_NAME = AppIcon;
				ASSETCATALOG_COMPILER_GLOBAL_ACCENT_COLOR_NAME = AccentColor;
				CODE_SIGN_STYLE = Automatic;
				DEVELOPMENT_ASSET_PATHS = "\"Assignment1/Preview Content\"";
				DEVELOPMENT_TEAM = YPEM449BU4;
				ENABLE_PREVIEWS = YES;
				INFOPLIST_FILE = Assignment1/Info.plist;
				IPHONEOS_DEPLOYMENT_TARGET = 14.0;
				LD_RUNPATH_SEARCH_PATHS = (
					"$(inherited)",
					"@executable_path/Frameworks",
				);
				PRODUCT_BUNDLE_IDENTIFIER = au.com.Lev0078.Assignment1;
				PRODUCT_NAME = "$(TARGET_NAME)";
				SWIFT_VERSION = 5.0;
				TARGETED_DEVICE_FAMILY = "1,2";
			};
			name = Debug;
		};
		84CA960E25FF5C29009CFFA5 /* Release */ = {
			isa = XCBuildConfiguration;
			buildSettings = {
				ASSETCATALOG_COMPILER_APPICON_NAME = AppIcon;
				ASSETCATALOG_COMPILER_GLOBAL_ACCENT_COLOR_NAME = AccentColor;
				CODE_SIGN_STYLE = Automatic;
				DEVELOPMENT_ASSET_PATHS = "\"Assignment1/Preview Content\"";
				DEVELOPMENT_TEAM = YPEM449BU4;
				ENABLE_PREVIEWS = YES;
				INFOPLIST_FILE = Assignment1/Info.plist;
				IPHONEOS_DEPLOYMENT_TARGET = 14.0;
				LD_RUNPATH_SEARCH_PATHS = (
					"$(inherited)",
					"@executable_path/Frameworks",
				);
				PRODUCT_BUNDLE_IDENTIFIER = au.com.Lev0078.Assignment1;
				PRODUCT_NAME = "$(TARGET_NAME)";
				SWIFT_VERSION = 5.0;
				TARGETED_DEVICE_FAMILY = "1,2";
			};
			name = Release;
		};
		84CA961025FF5C29009CFFA5 /* Debug */ = {
			isa = XCBuildConfiguration;
			buildSettings = {
				ALWAYS_EMBED_SWIFT_STANDARD_LIBRARIES = YES;
				BUNDLE_LOADER = "$(TEST_HOST)";
				CODE_SIGN_STYLE = Automatic;
				DEVELOPMENT_TEAM = YPEM449BU4;
				INFOPLIST_FILE = Assignment1Tests/Info.plist;
				IPHONEOS_DEPLOYMENT_TARGET = 14.0;
				LD_RUNPATH_SEARCH_PATHS = (
					"$(inherited)",
					"@executable_path/Frameworks",
					"@loader_path/Frameworks",
				);
				PRODUCT_BUNDLE_IDENTIFIER = au.com.Lev0078.Assignment1Tests;
				PRODUCT_NAME = "$(TARGET_NAME)";
				SWIFT_VERSION = 5.0;
				TARGETED_DEVICE_FAMILY = "1,2";
				TEST_HOST = "$(BUILT_PRODUCTS_DIR)/Assignment1.app/Assignment1";
			};
			name = Debug;
		};
		84CA961125FF5C29009CFFA5 /* Release */ = {
			isa = XCBuildConfiguration;
			buildSettings = {
				ALWAYS_EMBED_SWIFT_STANDARD_LIBRARIES = YES;
				BUNDLE_LOADER = "$(TEST_HOST)";
				CODE_SIGN_STYLE = Automatic;
				DEVELOPMENT_TEAM = YPEM449BU4;
				INFOPLIST_FILE = Assignment1Tests/Info.plist;
				IPHONEOS_DEPLOYMENT_TARGET = 14.0;
				LD_RUNPATH_SEARCH_PATHS = (
					"$(inherited)",
					"@executable_path/Frameworks",
					"@loader_path/Frameworks",
				);
				PRODUCT_BUNDLE_IDENTIFIER = au.com.Lev0078.Assignment1Tests;
				PRODUCT_NAME = "$(TARGET_NAME)";
				SWIFT_VERSION = 5.0;
				TARGETED_DEVICE_FAMILY = "1,2";
				TEST_HOST = "$(BUILT_PRODUCTS_DIR)/Assignment1.app/Assignment1";
			};
			name = Release;
		};
		84CA961325FF5C29009CFFA5 /* Debug */ = {
			isa = XCBuildConfiguration;
			buildSettings = {
				ALWAYS_EMBED_SWIFT_STANDARD_LIBRARIES = YES;
				CODE_SIGN_STYLE = Automatic;
				DEVELOPMENT_TEAM = YPEM449BU4;
				INFOPLIST_FILE = Assignment1UITests/Info.plist;
				LD_RUNPATH_SEARCH_PATHS = (
					"$(inherited)",
					"@executable_path/Frameworks",
					"@loader_path/Frameworks",
				);
				PRODUCT_BUNDLE_IDENTIFIER = au.com.Lev0078.Assignment1UITests;
				PRODUCT_NAME = "$(TARGET_NAME)";
				SWIFT_VERSION = 5.0;
				TARGETED_DEVICE_FAMILY = "1,2";
				TEST_TARGET_NAME = Assignment1;
			};
			name = Debug;
		};
		84CA961425FF5C29009CFFA5 /* Release */ = {
			isa = XCBuildConfiguration;
			buildSettings = {
				ALWAYS_EMBED_SWIFT_STANDARD_LIBRARIES = YES;
				CODE_SIGN_STYLE = Automatic;
				DEVELOPMENT_TEAM = YPEM449BU4;
				INFOPLIST_FILE = Assignment1UITests/Info.plist;
				LD_RUNPATH_SEARCH_PATHS = (
					"$(inherited)",
					"@executable_path/Frameworks",
					"@loader_path/Frameworks",
				);
				PRODUCT_BUNDLE_IDENTIFIER = au.com.Lev0078.Assignment1UITests;
				PRODUCT_NAME = "$(TARGET_NAME)";
				SWIFT_VERSION = 5.0;
				TARGETED_DEVICE_FAMILY = "1,2";
				TEST_TARGET_NAME = Assignment1;
			};
			name = Release;
		};
/* End XCBuildConfiguration section */

/* Begin XCConfigurationList section */
		84CA95E225FF5C26009CFFA5 /* Build configuration list for PBXProject "Assignment1" */ = {
			isa = XCConfigurationList;
			buildConfigurations = (
				84CA960A25FF5C29009CFFA5 /* Debug */,
				84CA960B25FF5C29009CFFA5 /* Release */,
			);
			defaultConfigurationIsVisible = 0;
			defaultConfigurationName = Release;
		};
		84CA960C25FF5C29009CFFA5 /* Build configuration list for PBXNativeTarget "Assignment1" */ = {
			isa = XCConfigurationList;
			buildConfigurations = (
				84CA960D25FF5C29009CFFA5 /* Debug */,
				84CA960E25FF5C29009CFFA5 /* Release */,
			);
			defaultConfigurationIsVisible = 0;
			defaultConfigurationName = Release;
		};
		84CA960F25FF5C29009CFFA5 /* Build configuration list for PBXNativeTarget "Assignment1Tests" */ = {
			isa = XCConfigurationList;
			buildConfigurations = (
				84CA961025FF5C29009CFFA5 /* Debug */,
				84CA961125FF5C29009CFFA5 /* Release */,
			);
			defaultConfigurationIsVisible = 0;
			defaultConfigurationName = Release;
		};
		84CA961225FF5C29009CFFA5 /* Build configuration list for PBXNativeTarget "Assignment1UITests" */ = {
			isa = XCConfigurationList;
			buildConfigurations = (
				84CA961325FF5C29009CFFA5 /* Debug */,
				84CA961425FF5C29009CFFA5 /* Release */,
			);
			defaultConfigurationIsVisible = 0;
			defaultConfigurationName = Release;
		};
/* End XCConfigurationList section */
	};
	rootObject = 84CA95DF25FF5C26009CFFA5 /* Project object */;
}
